github.com/boxesandglue/mpgo v0.1.2 h1:TTpGRQ3ItG1a0w4PAn2fzrD85a5qzU9HHPQ2cXSQyWU=
github.com/boxesandglue/mpgo v0.1.2/go.mod h1:EUUWQ+tqpIGqkUMlVLIV+mTC9NQDEfnZakfj5SCrG0U=
github.com/speedata/go-lua v0.1.2 h1:jB3htd+bc0/WTyhkNFxVNYpzK1BlIwC8IfG13Cd0E2c=
github.com/speedata/go-lua v0.1.2/go.mod h1:6Ay/2kO1IHOXkp7rmXPpAJrqwNTMwM4qcqM6U9u9RDc=
